// !$*UTF8*$!
{
	archiveVersion = 1;
	classes = {
	};
	objectVersion = 50;
	objects = {

/* Begin PBXBuildFile section */
		9B360AEF215F601700FB0EB5 /* PKKLineDataParser.swift in Sources */ = {isa = PBXBuildFile; fileRef = 9B360AEE215F601700FB0EB5 /* PKKLineDataParser.swift */; };
		9B96A4BA215F4B20003D1CD8 /* PrincekinKlineFrame.h in Headers */ = {isa = PBXBuildFile; fileRef = 9B96A4B8215F4B20003D1CD8 /* PrincekinKlineFrame.h */; settings = {ATTRIBUTES = (Public, ); }; };
		9B96A4E6215F4B4C003D1CD8 /* PKKLinePortraitValueView.swift in Sources */ = {isa = PBXBuildFile; fileRef = 9B96A4C1215F4B4A003D1CD8 /* PKKLinePortraitValueView.swift */; };
		9B96A4E7215F4B4C003D1CD8 /* PKKLineValueView.swift in Sources */ = {isa = PBXBuildFile; fileRef = 9B96A4C2215F4B4A003D1CD8 /* PKKLineValueView.swift */; };
		9B96A4E8215F4B4C003D1CD8 /* PKKLineAccessoryPainter.swift in Sources */ = {isa = PBXBuildFile; fileRef = 9B96A4C4215F4B4A003D1CD8 /* PKKLineAccessoryPainter.swift */; };
		9B96A4E9215F4B4C003D1CD8 /* PKKLineAccessoryMAView.swift in Sources */ = {isa = PBXBuildFile; fileRef = 9B96A4C5215F4B4A003D1CD8 /* PKKLineAccessoryMAView.swift */; };
		9B96A4EA215F4B4C003D1CD8 /* PKKLineAccessoryView.swift in Sources */ = {isa = PBXBuildFile; fileRef = 9B96A4C6215F4B4A003D1CD8 /* PKKLineAccessoryView.swift */; };
		9B96A4EB215F4B4C003D1CD8 /* PKTimeKLineSubStruct.swift in Sources */ = {isa = PBXBuildFile; fileRef = 9B96A4C8215F4B4A003D1CD8 /* PKTimeKLineSubStruct.swift */; };
		9B96A4EC215F4B4C003D1CD8 /* PKKLineTimeView.swift in Sources */ = {isa = PBXBuildFile; fileRef = 9B96A4C9215F4B4B003D1CD8 /* PKKLineTimeView.swift */; };
		9B96A4ED215F4B4C003D1CD8 /* PKKLineCalculator.swift in Sources */ = {isa = PBXBuildFile; fileRef = 9B96A4CB215F4B4B003D1CD8 /* PKKLineCalculator.swift */; };
		9B96A4EE215F4B4C003D1CD8 /* PKKLineSubStruct.swift in Sources */ = {isa = PBXBuildFile; fileRef = 9B96A4CC215F4B4B003D1CD8 /* PKKLineSubStruct.swift */; };
		9B96A4EF215F4B4C003D1CD8 /* PKKLineGroup.swift in Sources */ = {isa = PBXBuildFile; fileRef = 9B96A4CD215F4B4B003D1CD8 /* PKKLineGroup.swift */; };
		9B96A4F0215F4B4C003D1CD8 /* PKKLine.swift in Sources */ = {isa = PBXBuildFile; fileRef = 9B96A4CE215F4B4B003D1CD8 /* PKKLine.swift */; };
		9B96A4F1215F4B4C003D1CD8 /* PkKLineVolumeView.swift in Sources */ = {isa = PBXBuildFile; fileRef = 9B96A4D0215F4B4B003D1CD8 /* PkKLineVolumeView.swift */; };
		9B96A4F2215F4B4C003D1CD8 /* PKKLineVolumePainter.swift in Sources */ = {isa = PBXBuildFile; fileRef = 9B96A4D1215F4B4B003D1CD8 /* PKKLineVolumePainter.swift */; };
		9B96A4F3215F4B4C003D1CD8 /* PKKLineVolumeMAPainter.swift in Sources */ = {isa = PBXBuildFile; fileRef = 9B96A4D2215F4B4B003D1CD8 /* PKKLineVolumeMAPainter.swift */; };
		9B96A4F4215F4B4C003D1CD8 /* PKKLineVolumeMAView.swift in Sources */ = {isa = PBXBuildFile; fileRef = 9B96A4D3215F4B4B003D1CD8 /* PKKLineVolumeMAView.swift */; };
		9B96A4F5215F4B4C003D1CD8 /* VerificationManager.swift in Sources */ = {isa = PBXBuildFile; fileRef = 9B96A4D5215F4B4B003D1CD8 /* VerificationManager.swift */; };
		9B96A4F6215F4B4C003D1CD8 /* PKKLineFullScreenTopView.swift in Sources */ = {isa = PBXBuildFile; fileRef = 9B96A4D7215F4B4B003D1CD8 /* PKKLineFullScreenTopView.swift */; };
		9B96A4F7215F4B4C003D1CD8 /* PKKLineFullScreenMiddleView.swift in Sources */ = {isa = PBXBuildFile; fileRef = 9B96A4D8215F4B4B003D1CD8 /* PKKLineFullScreenMiddleView.swift */; };
		9B96A4F8215F4B4C003D1CD8 /* PKKLineFullScreenBottomView.swift in Sources */ = {isa = PBXBuildFile; fileRef = 9B96A4D9215F4B4B003D1CD8 /* PKKLineFullScreenBottomView.swift */; };
		9B96A4F9215F4B4C003D1CD8 /* PKKLineFullScreenView.swift in Sources */ = {isa = PBXBuildFile; fileRef = 9B96A4DA215F4B4B003D1CD8 /* PKKLineFullScreenView.swift */; };
		9B96A4FA215F4B4C003D1CD8 /* PKKLinePainter.swift in Sources */ = {isa = PBXBuildFile; fileRef = 9B96A4DC215F4B4B003D1CD8 /* PKKLinePainter.swift */; };
		9B96A4FB215F4B4C003D1CD8 /* PKKLineMAView.swift in Sources */ = {isa = PBXBuildFile; fileRef = 9B96A4DD215F4B4B003D1CD8 /* PKKLineMAView.swift */; };
		9B96A4FC215F4B4C003D1CD8 /* PKKLineView.swift in Sources */ = {isa = PBXBuildFile; fileRef = 9B96A4DE215F4B4B003D1CD8 /* PKKLineView.swift */; };
		9B96A4FD215F4B4C003D1CD8 /* PKKLineMAPainter.swift in Sources */ = {isa = PBXBuildFile; fileRef = 9B96A4DF215F4B4B003D1CD8 /* PKKLineMAPainter.swift */; };
		9B96A4FE215F4B4C003D1CD8 /* PKKLineCrossLine.swift in Sources */ = {isa = PBXBuildFile; fileRef = 9B96A4E1215F4B4B003D1CD8 /* PKKLineCrossLine.swift */; };
		9B96A4FF215F4B4C003D1CD8 /* PKKLineScrollView.swift in Sources */ = {isa = PBXBuildFile; fileRef = 9B96A4E2215F4B4B003D1CD8 /* PKKLineScrollView.swift */; };
		9B96A500215F4B4C003D1CD8 /* PKKLineRightYView.swift in Sources */ = {isa = PBXBuildFile; fileRef = 9B96A4E3215F4B4B003D1CD8 /* PKKLineRightYView.swift */; };
		9B96A501215F4B4C003D1CD8 /* PKKLineContainerView.swift in Sources */ = {isa = PBXBuildFile; fileRef = 9B96A4E4215F4B4B003D1CD8 /* PKKLineContainerView.swift */; };
		9B96A502215F4B4C003D1CD8 /* PKKLineTopButtonsView.swift in Sources */ = {isa = PBXBuildFile; fileRef = 9B96A4E5215F4B4B003D1CD8 /* PKKLineTopButtonsView.swift */; };
		9B96A509215F4B5F003D1CD8 /* PKColor.swift in Sources */ = {isa = PBXBuildFile; fileRef = 9B96A504215F4B5F003D1CD8 /* PKColor.swift */; };
		9B96A50A215F4B5F003D1CD8 /* PKKLineTheme.swift in Sources */ = {isa = PBXBuildFile; fileRef = 9B96A505215F4B5F003D1CD8 /* PKKLineTheme.swift */; };
		9B96A50B215F4B5F003D1CD8 /* PKKLineConfig.swift in Sources */ = {isa = PBXBuildFile; fileRef = 9B96A506215F4B5F003D1CD8 /* PKKLineConfig.swift */; };
		9B96A50C215F4B5F003D1CD8 /* PKKLineTool.swift in Sources */ = {isa = PBXBuildFile; fileRef = 9B96A507215F4B5F003D1CD8 /* PKKLineTool.swift */; };
		9B96A50D215F4B5F003D1CD8 /* PKKLineParamters.swift in Sources */ = {isa = PBXBuildFile; fileRef = 9B96A508215F4B5F003D1CD8 /* PKKLineParamters.swift */; };
		9B96A517215F4B67003D1CD8 /* PKKLineCancel@2x.jpg in Resources */ = {isa = PBXBuildFile; fileRef = 9B96A512215F4B67003D1CD8 /* PKKLineCancel@2x.jpg */; };
		9B96A518215F4B67003D1CD8 /* LocalizedUtils.swift in Sources */ = {isa = PBXBuildFile; fileRef = 9B96A513215F4B67003D1CD8 /* LocalizedUtils.swift */; };
		9B96A519215F4B67003D1CD8 /* PKKLineCancel@3x.jpg in Resources */ = {isa = PBXBuildFile; fileRef = 9B96A514215F4B67003D1CD8 /* PKKLineCancel@3x.jpg */; };
		9B96A51A215F4B67003D1CD8 /* LocalizedUtils.swift.tmp.swift in Sources */ = {isa = PBXBuildFile; fileRef = 9B96A515215F4B67003D1CD8 /* LocalizedUtils.swift.tmp.swift */; };
		DCA0DC2B52261989668788D3 /* Pods_PrincekinKlineFrame.framework in Frameworks */ = {isa = PBXBuildFile; fileRef = DEB9E30EE7E34E34BF199710 /* Pods_PrincekinKlineFrame.framework */; };
/* End PBXBuildFile section */

/* Begin PBXFileReference section */
		0C6E5260D70EC3C1049AFC7F /* Pods-PrincekinKlineFrame.debug.xcconfig */ = {isa = PBXFileReference; includeInIndex = 1; lastKnownFileType = text.xcconfig; name = "Pods-PrincekinKlineFrame.debug.xcconfig"; path = "Pods/Target Support Files/Pods-PrincekinKlineFrame/Pods-PrincekinKlineFrame.debug.xcconfig"; sourceTree = "<group>"; };
		9B360AEE215F601700FB0EB5 /* PKKLineDataParser.swift */ = {isa = PBXFileReference; fileEncoding = 4; lastKnownFileType = sourcecode.swift; path = PKKLineDataParser.swift; sourceTree = "<group>"; };
		9B96A4B5215F4B20003D1CD8 /* PrincekinKlineFrame.framework */ = {isa = PBXFileReference; explicitFileType = wrapper.framework; includeInIndex = 0; path = PrincekinKlineFrame.framework; sourceTree = BUILT_PRODUCTS_DIR; };
		9B96A4B8215F4B20003D1CD8 /* PrincekinKlineFrame.h */ = {isa = PBXFileReference; lastKnownFileType = sourcecode.c.h; path = PrincekinKlineFrame.h; sourceTree = "<group>"; };
		9B96A4B9215F4B20003D1CD8 /* Info.plist */ = {isa = PBXFileReference; lastKnownFileType = text.plist.xml; path = Info.plist; sourceTree = "<group>"; };
		9B96A4C1215F4B4A003D1CD8 /* PKKLinePortraitValueView.swift */ = {isa = PBXFileReference; fileEncoding = 4; lastKnownFileType = sourcecode.swift; path = PKKLinePortraitValueView.swift; sourceTree = "<group>"; };
		9B96A4C2215F4B4A003D1CD8 /* PKKLineValueView.swift */ = {isa = PBXFileReference; fileEncoding = 4; lastKnownFileType = sourcecode.swift; path = PKKLineValueView.swift; sourceTree = "<group>"; };
		9B96A4C4215F4B4A003D1CD8 /* PKKLineAccessoryPainter.swift */ = {isa = PBXFileReference; fileEncoding = 4; lastKnownFileType = sourcecode.swift; path = PKKLineAccessoryPainter.swift; sourceTree = "<group>"; };
		9B96A4C5215F4B4A003D1CD8 /* PKKLineAccessoryMAView.swift */ = {isa = PBXFileReference; fileEncoding = 4; lastKnownFileType = sourcecode.swift; path = PKKLineAccessoryMAView.swift; sourceTree = "<group>"; };
		9B96A4C6215F4B4A003D1CD8 /* PKKLineAccessoryView.swift */ = {isa = PBXFileReference; fileEncoding = 4; lastKnownFileType = sourcecode.swift; path = PKKLineAccessoryView.swift; sourceTree = "<group>"; };
		9B96A4C8215F4B4A003D1CD8 /* PKTimeKLineSubStruct.swift */ = {isa = PBXFileReference; fileEncoding = 4; lastKnownFileType = sourcecode.swift; path = PKTimeKLineSubStruct.swift; sourceTree = "<group>"; };
		9B96A4C9215F4B4B003D1CD8 /* PKKLineTimeView.swift */ = {isa = PBXFileReference; fileEncoding = 4; lastKnownFileType = sourcecode.swift; path = PKKLineTimeView.swift; sourceTree = "<group>"; };
		9B96A4CB215F4B4B003D1CD8 /* PKKLineCalculator.swift */ = {isa = PBXFileReference; fileEncoding = 4; lastKnownFileType = sourcecode.swift; path = PKKLineCalculator.swift; sourceTree = "<group>"; };
		9B96A4CC215F4B4B003D1CD8 /* PKKLineSubStruct.swift */ = {isa = PBXFileReference; fileEncoding = 4; lastKnownFileType = sourcecode.swift; path = PKKLineSubStruct.swift; sourceTree = "<group>"; };
		9B96A4CD215F4B4B003D1CD8 /* PKKLineGroup.swift */ = {isa = PBXFileReference; fileEncoding = 4; lastKnownFileType = sourcecode.swift; path = PKKLineGroup.swift; sourceTree = "<group>"; };
		9B96A4CE215F4B4B003D1CD8 /* PKKLine.swift */ = {isa = PBXFileReference; fileEncoding = 4; lastKnownFileType = sourcecode.swift; path = PKKLine.swift; sourceTree = "<group>"; };
		9B96A4D0215F4B4B003D1CD8 /* PkKLineVolumeView.swift */ = {isa = PBXFileReference; fileEncoding = 4; lastKnownFileType = sourcecode.swift; path = PkKLineVolumeView.swift; sourceTree = "<group>"; };
		9B96A4D1215F4B4B003D1CD8 /* PKKLineVolumePainter.swift */ = {isa = PBXFileReference; fileEncoding = 4; lastKnownFileType = sourcecode.swift; path = PKKLineVolumePainter.swift; sourceTree = "<group>"; };
		9B96A4D2215F4B4B003D1CD8 /* PKKLineVolumeMAPainter.swift */ = {isa = PBXFileReference; fileEncoding = 4; lastKnownFileType = sourcecode.swift; path = PKKLineVolumeMAPainter.swift; sourceTree = "<group>"; };
		9B96A4D3215F4B4B003D1CD8 /* PKKLineVolumeMAView.swift */ = {isa = PBXFileReference; fileEncoding = 4; lastKnownFileType = sourcecode.swift; path = PKKLineVolumeMAView.swift; sourceTree = "<group>"; };
		9B96A4D5215F4B4B003D1CD8 /* VerificationManager.swift */ = {isa = PBXFileReference; fileEncoding = 4; lastKnownFileType = sourcecode.swift; path = VerificationManager.swift; sourceTree = "<group>"; };
		9B96A4D7215F4B4B003D1CD8 /* PKKLineFullScreenTopView.swift */ = {isa = PBXFileReference; fileEncoding = 4; lastKnownFileType = sourcecode.swift; path = PKKLineFullScreenTopView.swift; sourceTree = "<group>"; };
		9B96A4D8215F4B4B003D1CD8 /* PKKLineFullScreenMiddleView.swift */ = {isa = PBXFileReference; fileEncoding = 4; lastKnownFileType = sourcecode.swift; path = PKKLineFullScreenMiddleView.swift; sourceTree = "<group>"; };
		9B96A4D9215F4B4B003D1CD8 /* PKKLineFullScreenBottomView.swift */ = {isa = PBXFileReference; fileEncoding = 4; lastKnownFileType = sourcecode.swift; path = PKKLineFullScreenBottomView.swift; sourceTree = "<group>"; };
		9B96A4DA215F4B4B003D1CD8 /* PKKLineFullScreenView.swift */ = {isa = PBXFileReference; fileEncoding = 4; lastKnownFileType = sourcecode.swift; path = PKKLineFullScreenView.swift; sourceTree = "<group>"; };
		9B96A4DC215F4B4B003D1CD8 /* PKKLinePainter.swift */ = {isa = PBXFileReference; fileEncoding = 4; lastKnownFileType = sourcecode.swift; path = PKKLinePainter.swift; sourceTree = "<group>"; };
		9B96A4DD215F4B4B003D1CD8 /* PKKLineMAView.swift */ = {isa = PBXFileReference; fileEncoding = 4; lastKnownFileType = sourcecode.swift; path = PKKLineMAView.swift; sourceTree = "<group>"; };
		9B96A4DE215F4B4B003D1CD8 /* PKKLineView.swift */ = {isa = PBXFileReference; fileEncoding = 4; lastKnownFileType = sourcecode.swift; path = PKKLineView.swift; sourceTree = "<group>"; };
		9B96A4DF215F4B4B003D1CD8 /* PKKLineMAPainter.swift */ = {isa = PBXFileReference; fileEncoding = 4; lastKnownFileType = sourcecode.swift; path = PKKLineMAPainter.swift; sourceTree = "<group>"; };
		9B96A4E1215F4B4B003D1CD8 /* PKKLineCrossLine.swift */ = {isa = PBXFileReference; fileEncoding = 4; lastKnownFileType = sourcecode.swift; path = PKKLineCrossLine.swift; sourceTree = "<group>"; };
		9B96A4E2215F4B4B003D1CD8 /* PKKLineScrollView.swift */ = {isa = PBXFileReference; fileEncoding = 4; lastKnownFileType = sourcecode.swift; path = PKKLineScrollView.swift; sourceTree = "<group>"; };
		9B96A4E3215F4B4B003D1CD8 /* PKKLineRightYView.swift */ = {isa = PBXFileReference; fileEncoding = 4; lastKnownFileType = sourcecode.swift; path = PKKLineRightYView.swift; sourceTree = "<group>"; };
		9B96A4E4215F4B4B003D1CD8 /* PKKLineContainerView.swift */ = {isa = PBXFileReference; fileEncoding = 4; lastKnownFileType = sourcecode.swift; path = PKKLineContainerView.swift; sourceTree = "<group>"; };
		9B96A4E5215F4B4B003D1CD8 /* PKKLineTopButtonsView.swift */ = {isa = PBXFileReference; fileEncoding = 4; lastKnownFileType = sourcecode.swift; path = PKKLineTopButtonsView.swift; sourceTree = "<group>"; };
		9B96A504215F4B5F003D1CD8 /* PKColor.swift */ = {isa = PBXFileReference; fileEncoding = 4; lastKnownFileType = sourcecode.swift; path = PKColor.swift; sourceTree = "<group>"; };
		9B96A505215F4B5F003D1CD8 /* PKKLineTheme.swift */ = {isa = PBXFileReference; fileEncoding = 4; lastKnownFileType = sourcecode.swift; path = PKKLineTheme.swift; sourceTree = "<group>"; };
		9B96A506215F4B5F003D1CD8 /* PKKLineConfig.swift */ = {isa = PBXFileReference; fileEncoding = 4; lastKnownFileType = sourcecode.swift; path = PKKLineConfig.swift; sourceTree = "<group>"; };
		9B96A507215F4B5F003D1CD8 /* PKKLineTool.swift */ = {isa = PBXFileReference; fileEncoding = 4; lastKnownFileType = sourcecode.swift; path = PKKLineTool.swift; sourceTree = "<group>"; };
		9B96A508215F4B5F003D1CD8 /* PKKLineParamters.swift */ = {isa = PBXFileReference; fileEncoding = 4; lastKnownFileType = sourcecode.swift; path = PKKLineParamters.swift; sourceTree = "<group>"; };
		9B96A512215F4B67003D1CD8 /* PKKLineCancel@2x.jpg */ = {isa = PBXFileReference; lastKnownFileType = image.jpeg; path = "PKKLineCancel@2x.jpg"; sourceTree = "<group>"; };
		9B96A513215F4B67003D1CD8 /* LocalizedUtils.swift */ = {isa = PBXFileReference; fileEncoding = 4; lastKnownFileType = sourcecode.swift; path = LocalizedUtils.swift; sourceTree = "<group>"; };
		9B96A514215F4B67003D1CD8 /* PKKLineCancel@3x.jpg */ = {isa = PBXFileReference; lastKnownFileType = image.jpeg; path = "PKKLineCancel@3x.jpg"; sourceTree = "<group>"; };
		9B96A515215F4B67003D1CD8 /* LocalizedUtils.swift.tmp.swift */ = {isa = PBXFileReference; fileEncoding = 4; lastKnownFileType = sourcecode.swift; path = LocalizedUtils.swift.tmp.swift; sourceTree = "<group>"; };
		D0551952965085C61FE8C9A2 /* Pods-PrincekinKlineFrame.release.xcconfig */ = {isa = PBXFileReference; includeInIndex = 1; lastKnownFileType = text.xcconfig; name = "Pods-PrincekinKlineFrame.release.xcconfig"; path = "Pods/Target Support Files/Pods-PrincekinKlineFrame/Pods-PrincekinKlineFrame.release.xcconfig"; sourceTree = "<group>"; };
		DEB9E30EE7E34E34BF199710 /* Pods_PrincekinKlineFrame.framework */ = {isa = PBXFileReference; explicitFileType = wrapper.framework; includeInIndex = 0; path = Pods_PrincekinKlineFrame.framework; sourceTree = BUILT_PRODUCTS_DIR; };
/* End PBXFileReference section */

/* Begin PBXFrameworksBuildPhase section */
		9B96A4B1215F4B20003D1CD8 /* Frameworks */ = {
			isa = PBXFrameworksBuildPhase;
			buildActionMask = 2147483647;
			files = (
				DCA0DC2B52261989668788D3 /* Pods_PrincekinKlineFrame.framework in Frameworks */,
			);
			runOnlyForDeploymentPostprocessing = 0;
		};
/* End PBXFrameworksBuildPhase section */

/* Begin PBXGroup section */
		86AC11DDFB77076D3C43A9BC /* Frameworks */ = {
			isa = PBXGroup;
			children = (
				DEB9E30EE7E34E34BF199710 /* Pods_PrincekinKlineFrame.framework */,
			);
			name = Frameworks;
			sourceTree = "<group>";
		};
		98FC555959507F4E22C15E74 /* Pods */ = {
			isa = PBXGroup;
			children = (
				0C6E5260D70EC3C1049AFC7F /* Pods-PrincekinKlineFrame.debug.xcconfig */,
				D0551952965085C61FE8C9A2 /* Pods-PrincekinKlineFrame.release.xcconfig */,
			);
			name = Pods;
			sourceTree = "<group>";
		};
		9B96A4AB215F4B1F003D1CD8 = {
			isa = PBXGroup;
			children = (
				9B96A4B7215F4B20003D1CD8 /* PrincekinKlineFrame */,
				9B96A4B6215F4B20003D1CD8 /* Products */,
				98FC555959507F4E22C15E74 /* Pods */,
				86AC11DDFB77076D3C43A9BC /* Frameworks */,
			);
			sourceTree = "<group>";
		};
		9B96A4B6215F4B20003D1CD8 /* Products */ = {
			isa = PBXGroup;
			children = (
				9B96A4B5215F4B20003D1CD8 /* PrincekinKlineFrame.framework */,
			);
			name = Products;
			sourceTree = "<group>";
		};
		9B96A4B7215F4B20003D1CD8 /* PrincekinKlineFrame */ = {
			isa = PBXGroup;
			children = (
				9B96A4B8215F4B20003D1CD8 /* PrincekinKlineFrame.h */,
				9B96A4D4215F4B4B003D1CD8 /* Manager */,
				9B96A4CA215F4B4B003D1CD8 /* Model */,
				9B96A4C3215F4B4A003D1CD8 /* PKKLineAccessoryView */,
				9B96A4E0215F4B4B003D1CD8 /* PKKLineContainerView */,
				9B96A4D6215F4B4B003D1CD8 /* PKKLineFullScreenView */,
				9B96A4C7215F4B4A003D1CD8 /* PKKLineTimeView */,
				9B96A4C0215F4B4A003D1CD8 /* PKKLineValueView */,
				9B96A4DB215F4B4B003D1CD8 /* PKKLineView */,
				9B96A4CF215F4B4B003D1CD8 /* PKKLineVolumeView */,
				9B96A503215F4B5F003D1CD8 /* Configuration */,
				9B96A50E215F4B67003D1CD8 /* Resource */,
				9B96A4B9215F4B20003D1CD8 /* Info.plist */,
			);
			path = PrincekinKlineFrame;
			sourceTree = "<group>";
		};
		9B96A4C0215F4B4A003D1CD8 /* PKKLineValueView */ = {
			isa = PBXGroup;
			children = (
				9B96A4C1215F4B4A003D1CD8 /* PKKLinePortraitValueView.swift */,
				9B96A4C2215F4B4A003D1CD8 /* PKKLineValueView.swift */,
			);
			path = PKKLineValueView;
			sourceTree = "<group>";
		};
		9B96A4C3215F4B4A003D1CD8 /* PKKLineAccessoryView */ = {
			isa = PBXGroup;
			children = (
				9B96A4C4215F4B4A003D1CD8 /* PKKLineAccessoryPainter.swift */,
				9B96A4C5215F4B4A003D1CD8 /* PKKLineAccessoryMAView.swift */,
				9B96A4C6215F4B4A003D1CD8 /* PKKLineAccessoryView.swift */,
			);
			path = PKKLineAccessoryView;
			sourceTree = "<group>";
		};
		9B96A4C7215F4B4A003D1CD8 /* PKKLineTimeView */ = {
			isa = PBXGroup;
			children = (
				9B96A4C8215F4B4A003D1CD8 /* PKTimeKLineSubStruct.swift */,
				9B96A4C9215F4B4B003D1CD8 /* PKKLineTimeView.swift */,
			);
			path = PKKLineTimeView;
			sourceTree = "<group>";
		};
		9B96A4CA215F4B4B003D1CD8 /* Model */ = {
			isa = PBXGroup;
			children = (
				9B96A4CB215F4B4B003D1CD8 /* PKKLineCalculator.swift */,
				9B96A4CC215F4B4B003D1CD8 /* PKKLineSubStruct.swift */,
				9B96A4CD215F4B4B003D1CD8 /* PKKLineGroup.swift */,
				9B96A4CE215F4B4B003D1CD8 /* PKKLine.swift */,
			);
			path = Model;
			sourceTree = "<group>";
		};
		9B96A4CF215F4B4B003D1CD8 /* PKKLineVolumeView */ = {
			isa = PBXGroup;
			children = (
				9B96A4D0215F4B4B003D1CD8 /* PkKLineVolumeView.swift */,
				9B96A4D1215F4B4B003D1CD8 /* PKKLineVolumePainter.swift */,
				9B96A4D2215F4B4B003D1CD8 /* PKKLineVolumeMAPainter.swift */,
				9B96A4D3215F4B4B003D1CD8 /* PKKLineVolumeMAView.swift */,
			);
			path = PKKLineVolumeView;
			sourceTree = "<group>";
		};
		9B96A4D4215F4B4B003D1CD8 /* Manager */ = {
			isa = PBXGroup;
			children = (
				9B360AEE215F601700FB0EB5 /* PKKLineDataParser.swift */,
				9B96A4D5215F4B4B003D1CD8 /* VerificationManager.swift */,
			);
			path = Manager;
			sourceTree = "<group>";
		};
		9B96A4D6215F4B4B003D1CD8 /* PKKLineFullScreenView */ = {
			isa = PBXGroup;
			children = (
				9B96A4D7215F4B4B003D1CD8 /* PKKLineFullScreenTopView.swift */,
				9B96A4D8215F4B4B003D1CD8 /* PKKLineFullScreenMiddleView.swift */,
				9B96A4D9215F4B4B003D1CD8 /* PKKLineFullScreenBottomView.swift */,
				9B96A4DA215F4B4B003D1CD8 /* PKKLineFullScreenView.swift */,
			);
			path = PKKLineFullScreenView;
			sourceTree = "<group>";
		};
		9B96A4DB215F4B4B003D1CD8 /* PKKLineView */ = {
			isa = PBXGroup;
			children = (
				9B96A4DC215F4B4B003D1CD8 /* PKKLinePainter.swift */,
				9B96A4DD215F4B4B003D1CD8 /* PKKLineMAView.swift */,
				9B96A4DE215F4B4B003D1CD8 /* PKKLineView.swift */,
				9B96A4DF215F4B4B003D1CD8 /* PKKLineMAPainter.swift */,
			);
			path = PKKLineView;
			sourceTree = "<group>";
		};
		9B96A4E0215F4B4B003D1CD8 /* PKKLineContainerView */ = {
			isa = PBXGroup;
			children = (
				9B96A4E1215F4B4B003D1CD8 /* PKKLineCrossLine.swift */,
				9B96A4E2215F4B4B003D1CD8 /* PKKLineScrollView.swift */,
				9B96A4E3215F4B4B003D1CD8 /* PKKLineRightYView.swift */,
				9B96A4E4215F4B4B003D1CD8 /* PKKLineContainerView.swift */,
				9B96A4E5215F4B4B003D1CD8 /* PKKLineTopButtonsView.swift */,
			);
			path = PKKLineContainerView;
			sourceTree = "<group>";
		};
		9B96A503215F4B5F003D1CD8 /* Configuration */ = {
			isa = PBXGroup;
			children = (
				9B96A504215F4B5F003D1CD8 /* PKColor.swift */,
				9B96A505215F4B5F003D1CD8 /* PKKLineTheme.swift */,
				9B96A506215F4B5F003D1CD8 /* PKKLineConfig.swift */,
				9B96A507215F4B5F003D1CD8 /* PKKLineTool.swift */,
				9B96A508215F4B5F003D1CD8 /* PKKLineParamters.swift */,
			);
			path = Configuration;
			sourceTree = "<group>";
		};
		9B96A50E215F4B67003D1CD8 /* Resource */ = {
			isa = PBXGroup;
			children = (
				9B96A512215F4B67003D1CD8 /* PKKLineCancel@2x.jpg */,
				9B96A513215F4B67003D1CD8 /* LocalizedUtils.swift */,
				9B96A514215F4B67003D1CD8 /* PKKLineCancel@3x.jpg */,
				9B96A515215F4B67003D1CD8 /* LocalizedUtils.swift.tmp.swift */,
			);
			path = Resource;
			sourceTree = "<group>";
		};
/* End PBXGroup section */

/* Begin PBXHeadersBuildPhase section */
		9B96A4B2215F4B20003D1CD8 /* Headers */ = {
			isa = PBXHeadersBuildPhase;
			buildActionMask = 2147483647;
			files = (
				9B96A4BA215F4B20003D1CD8 /* PrincekinKlineFrame.h in Headers */,
			);
			runOnlyForDeploymentPostprocessing = 0;
		};
/* End PBXHeadersBuildPhase section */

/* Begin PBXNativeTarget section */
		9B96A4B4215F4B20003D1CD8 /* PrincekinKlineFrame */ = {
			isa = PBXNativeTarget;
			buildConfigurationList = 9B96A4BD215F4B20003D1CD8 /* Build configuration list for PBXNativeTarget "PrincekinKlineFrame" */;
			buildPhases = (
				C2D2FEF70407A34FF3AA5AE0 /* [CP] Check Pods Manifest.lock */,
				9B96A4B0215F4B20003D1CD8 /* Sources */,
				9B96A4B1215F4B20003D1CD8 /* Frameworks */,
				9B96A4B2215F4B20003D1CD8 /* Headers */,
				9B96A4B3215F4B20003D1CD8 /* Resources */,
			);
			buildRules = (
			);
			dependencies = (
			);
			name = PrincekinKlineFrame;
			productName = PrincekinKlineFrame;
			productReference = 9B96A4B5215F4B20003D1CD8 /* PrincekinKlineFrame.framework */;
			productType = "com.apple.product-type.framework";
		};
/* End PBXNativeTarget section */

/* Begin PBXProject section */
		9B96A4AC215F4B1F003D1CD8 /* Project object */ = {
			isa = PBXProject;
			attributes = {
				LastUpgradeCheck = 0930;
				ORGANIZATIONNAME = LEE;
				TargetAttributes = {
					9B96A4B4215F4B20003D1CD8 = {
						CreatedOnToolsVersion = 9.3.1;
					};
				};
			};
			buildConfigurationList = 9B96A4AF215F4B1F003D1CD8 /* Build configuration list for PBXProject "PrincekinKlineFrame" */;
			compatibilityVersion = "Xcode 9.3";
			developmentRegion = en;
			hasScannedForEncodings = 0;
			knownRegions = (
				en,
				"zh-Hans",
			);
			mainGroup = 9B96A4AB215F4B1F003D1CD8;
			productRefGroup = 9B96A4B6215F4B20003D1CD8 /* Products */;
			projectDirPath = "";
			projectRoot = "";
			targets = (
				9B96A4B4215F4B20003D1CD8 /* PrincekinKlineFrame */,
			);
		};
/* End PBXProject section */

/* Begin PBXResourcesBuildPhase section */
		9B96A4B3215F4B20003D1CD8 /* Resources */ = {
			isa = PBXResourcesBuildPhase;
			buildActionMask = 2147483647;
			files = (
				9B96A519215F4B67003D1CD8 /* PKKLineCancel@3x.jpg in Resources */,
				9B96A517215F4B67003D1CD8 /* PKKLineCancel@2x.jpg in Resources */,
			);
			runOnlyForDeploymentPostprocessing = 0;
		};
/* End PBXResourcesBuildPhase section */

/* Begin PBXShellScriptBuildPhase section */
		C2D2FEF70407A34FF3AA5AE0 /* [CP] Check Pods Manifest.lock */ = {
			isa = PBXShellScriptBuildPhase;
			buildActionMask = 2147483647;
			files = (
			);
			inputPaths = (
				"${PODS_PODFILE_DIR_PATH}/Podfile.lock",
				"${PODS_ROOT}/Manifest.lock",
			);
			name = "[CP] Check Pods Manifest.lock";
			outputPaths = (
				"$(DERIVED_FILE_DIR)/Pods-PrincekinKlineFrame-checkManifestLockResult.txt",
			);
			runOnlyForDeploymentPostprocessing = 0;
			shellPath = /bin/sh;
			shellScript = "diff \"${PODS_PODFILE_DIR_PATH}/Podfile.lock\" \"${PODS_ROOT}/Manifest.lock\" > /dev/null\nif [ $? != 0 ] ; then\n    # print error to STDERR\n    echo \"error: The sandbox is not in sync with the Podfile.lock. Run 'pod install' or update your CocoaPods installation.\" >&2\n    exit 1\nfi\n# This output is used by Xcode 'outputs' to avoid re-running this script phase.\necho \"SUCCESS\" > \"${SCRIPT_OUTPUT_FILE_0}\"\n";
			showEnvVarsInLog = 0;
		};
/* End PBXShellScriptBuildPhase section */

/* Begin PBXSourcesBuildPhase section */
		9B96A4B0215F4B20003D1CD8 /* Sources */ = {
			isa = PBXSourcesBuildPhase;
			buildActionMask = 2147483647;
			files = (
				9B96A500215F4B4C003D1CD8 /* PKKLineRightYView.swift in Sources */,
				9B96A501215F4B4C003D1CD8 /* PKKLineContainerView.swift in Sources */,
				9B96A518215F4B67003D1CD8 /* LocalizedUtils.swift in Sources */,
				9B96A4FD215F4B4C003D1CD8 /* PKKLineMAPainter.swift in Sources */,
				9B96A4F3215F4B4C003D1CD8 /* PKKLineVolumeMAPainter.swift in Sources */,
				9B96A4E8215F4B4C003D1CD8 /* PKKLineAccessoryPainter.swift in Sources */,
				9B96A502215F4B4C003D1CD8 /* PKKLineTopButtonsView.swift in Sources */,
				9B96A4F5215F4B4C003D1CD8 /* VerificationManager.swift in Sources */,
				9B96A4EA215F4B4C003D1CD8 /* PKKLineAccessoryView.swift in Sources */,
				9B96A4ED215F4B4C003D1CD8 /* PKKLineCalculator.swift in Sources */,
				9B96A4F1215F4B4C003D1CD8 /* PkKLineVolumeView.swift in Sources */,
				9B96A4E6215F4B4C003D1CD8 /* PKKLinePortraitValueView.swift in Sources */,
				9B360AEF215F601700FB0EB5 /* PKKLineDataParser.swift in Sources */,
				9B96A4EF215F4B4C003D1CD8 /* PKKLineGroup.swift in Sources */,
				9B96A4F8215F4B4C003D1CD8 /* PKKLineFullScreenBottomView.swift in Sources */,
				9B96A4E9215F4B4C003D1CD8 /* PKKLineAccessoryMAView.swift in Sources */,
				9B96A4EC215F4B4C003D1CD8 /* PKKLineTimeView.swift in Sources */,
				9B96A4FF215F4B4C003D1CD8 /* PKKLineScrollView.swift in Sources */,
				9B96A4F4215F4B4C003D1CD8 /* PKKLineVolumeMAView.swift in Sources */,
				9B96A4F7215F4B4C003D1CD8 /* PKKLineFullScreenMiddleView.swift in Sources */,
				9B96A50B215F4B5F003D1CD8 /* PKKLineConfig.swift in Sources */,
				9B96A4E7215F4B4C003D1CD8 /* PKKLineValueView.swift in Sources */,
				9B96A4F2215F4B4C003D1CD8 /* PKKLineVolumePainter.swift in Sources */,
				9B96A4F0215F4B4C003D1CD8 /* PKKLine.swift in Sources */,
				9B96A4EE215F4B4C003D1CD8 /* PKKLineSubStruct.swift in Sources */,
				9B96A509215F4B5F003D1CD8 /* PKColor.swift in Sources */,
				9B96A50C215F4B5F003D1CD8 /* PKKLineTool.swift in Sources */,
				9B96A4F6215F4B4C003D1CD8 /* PKKLineFullScreenTopView.swift in Sources */,
				9B96A4FE215F4B4C003D1CD8 /* PKKLineCrossLine.swift in Sources */,
				9B96A4FA215F4B4C003D1CD8 /* PKKLinePainter.swift in Sources */,
				9B96A50D215F4B5F003D1CD8 /* PKKLineParamters.swift in Sources */,
				9B96A4F9215F4B4C003D1CD8 /* PKKLineFullScreenView.swift in Sources */,
				9B96A4EB215F4B4C003D1CD8 /* PKTimeKLineSubStruct.swift in Sources */,
				9B96A4FB215F4B4C003D1CD8 /* PKKLineMAView.swift in Sources */,
				9B96A50A215F4B5F003D1CD8 /* PKKLineTheme.swift in Sources */,
				9B96A4FC215F4B4C003D1CD8 /* PKKLineView.swift in Sources */,
				9B96A51A215F4B67003D1CD8 /* LocalizedUtils.swift.tmp.swift in Sources */,
			);
			runOnlyForDeploymentPostprocessing = 0;
		};
/* End PBXSourcesBuildPhase section */

/* Begin XCBuildConfiguration section */
		9B96A4BB215F4B20003D1CD8 /* Debug */ = {
			isa = XCBuildConfiguration;
			buildSettings = {
				ALWAYS_SEARCH_USER_PATHS = NO;
				CLANG_ANALYZER_NONNULL = YES;
				CLANG_ANALYZER_NUMBER_OBJECT_CONVERSION = YES_AGGRESSIVE;
				CLANG_CXX_LANGUAGE_STANDARD = "gnu++14";
				CLANG_CXX_LIBRARY = "libc++";
				CLANG_ENABLE_MODULES = YES;
				CLANG_ENABLE_OBJC_ARC = YES;
				CLANG_ENABLE_OBJC_WEAK = YES;
				CLANG_WARN_BLOCK_CAPTURE_AUTORELEASING = YES;
				CLANG_WARN_BOOL_CONVERSION = YES;
				CLANG_WARN_COMMA = YES;
				CLANG_WARN_CONSTANT_CONVERSION = YES;
				CLANG_WARN_DEPRECATED_OBJC_IMPLEMENTATIONS = YES;
				CLANG_WARN_DIRECT_OBJC_ISA_USAGE = YES_ERROR;
				CLANG_WARN_DOCUMENTATION_COMMENTS = YES;
				CLANG_WARN_EMPTY_BODY = YES;
				CLANG_WARN_ENUM_CONVERSION = YES;
				CLANG_WARN_INFINITE_RECURSION = YES;
				CLANG_WARN_INT_CONVERSION = YES;
				CLANG_WARN_NON_LITERAL_NULL_CONVERSION = YES;
				CLANG_WARN_OBJC_IMPLICIT_RETAIN_SELF = YES;
				CLANG_WARN_OBJC_LITERAL_CONVERSION = YES;
				CLANG_WARN_OBJC_ROOT_CLASS = YES_ERROR;
				CLANG_WARN_RANGE_LOOP_ANALYSIS = YES;
				CLANG_WARN_STRICT_PROTOTYPES = YES;
				CLANG_WARN_SUSPICIOUS_MOVE = YES;
				CLANG_WARN_UNGUARDED_AVAILABILITY = YES_AGGRESSIVE;
				CLANG_WARN_UNREACHABLE_CODE = YES;
				CLANG_WARN__DUPLICATE_METHOD_MATCH = YES;
				CODE_SIGN_IDENTITY = "iPhone Developer";
				COPY_PHASE_STRIP = NO;
				CURRENT_PROJECT_VERSION = 1;
				DEBUG_INFORMATION_FORMAT = dwarf;
				ENABLE_STRICT_OBJC_MSGSEND = YES;
				ENABLE_TESTABILITY = YES;
				GCC_C_LANGUAGE_STANDARD = gnu11;
				GCC_DYNAMIC_NO_PIC = NO;
				GCC_NO_COMMON_BLOCKS = YES;
				GCC_OPTIMIZATION_LEVEL = 0;
				GCC_PREPROCESSOR_DEFINITIONS = (
					"DEBUG=1",
					"$(inherited)",
				);
				GCC_WARN_64_TO_32_BIT_CONVERSION = YES;
				GCC_WARN_ABOUT_RETURN_TYPE = YES_ERROR;
				GCC_WARN_UNDECLARED_SELECTOR = YES;
				GCC_WARN_UNINITIALIZED_AUTOS = YES_AGGRESSIVE;
				GCC_WARN_UNUSED_FUNCTION = YES;
				GCC_WARN_UNUSED_VARIABLE = YES;
				IPHONEOS_DEPLOYMENT_TARGET = 11.3;
				MTL_ENABLE_DEBUG_INFO = YES;
				ONLY_ACTIVE_ARCH = YES;
				SDKROOT = iphoneos;
				SWIFT_ACTIVE_COMPILATION_CONDITIONS = DEBUG;
				SWIFT_OPTIMIZATION_LEVEL = "-Onone";
				VERSIONING_SYSTEM = "apple-generic";
				VERSION_INFO_PREFIX = "";
			};
			name = Debug;
		};
		9B96A4BC215F4B20003D1CD8 /* Release */ = {
			isa = XCBuildConfiguration;
			buildSettings = {
				ALWAYS_SEARCH_USER_PATHS = NO;
				CLANG_ANALYZER_NONNULL = YES;
				CLANG_ANALYZER_NUMBER_OBJECT_CONVERSION = YES_AGGRESSIVE;
				CLANG_CXX_LANGUAGE_STANDARD = "gnu++14";
				CLANG_CXX_LIBRARY = "libc++";
				CLANG_ENABLE_MODULES = YES;
				CLANG_ENABLE_OBJC_ARC = YES;
				CLANG_ENABLE_OBJC_WEAK = YES;
				CLANG_WARN_BLOCK_CAPTURE_AUTORELEASING = YES;
				CLANG_WARN_BOOL_CONVERSION = YES;
				CLANG_WARN_COMMA = YES;
				CLANG_WARN_CONSTANT_CONVERSION = YES;
				CLANG_WARN_DEPRECATED_OBJC_IMPLEMENTATIONS = YES;
				CLANG_WARN_DIRECT_OBJC_ISA_USAGE = YES_ERROR;
				CLANG_WARN_DOCUMENTATION_COMMENTS = YES;
				CLANG_WARN_EMPTY_BODY = YES;
				CLANG_WARN_ENUM_CONVERSION = YES;
				CLANG_WARN_INFINITE_RECURSION = YES;
				CLANG_WARN_INT_CONVERSION = YES;
				CLANG_WARN_NON_LITERAL_NULL_CONVERSION = YES;
				CLANG_WARN_OBJC_IMPLICIT_RETAIN_SELF = YES;
				CLANG_WARN_OBJC_LITERAL_CONVERSION = YES;
				CLANG_WARN_OBJC_ROOT_CLASS = YES_ERROR;
				CLANG_WARN_RANGE_LOOP_ANALYSIS = YES;
				CLANG_WARN_STRICT_PROTOTYPES = YES;
				CLANG_WARN_SUSPICIOUS_MOVE = YES;
				CLANG_WARN_UNGUARDED_AVAILABILITY = YES_AGGRESSIVE;
				CLANG_WARN_UNREACHABLE_CODE = YES;
				CLANG_WARN__DUPLICATE_METHOD_MATCH = YES;
				CODE_SIGN_IDENTITY = "iPhone Developer";
				COPY_PHASE_STRIP = NO;
				CURRENT_PROJECT_VERSION = 1;
				DEBUG_INFORMATION_FORMAT = "dwarf-with-dsym";
				ENABLE_NS_ASSERTIONS = NO;
				ENABLE_STRICT_OBJC_MSGSEND = YES;
				GCC_C_LANGUAGE_STANDARD = gnu11;
				GCC_NO_COMMON_BLOCKS = YES;
				GCC_WARN_64_TO_32_BIT_CONVERSION = YES;
				GCC_WARN_ABOUT_RETURN_TYPE = YES_ERROR;
				GCC_WARN_UNDECLARED_SELECTOR = YES;
				GCC_WARN_UNINITIALIZED_AUTOS = YES_AGGRESSIVE;
				GCC_WARN_UNUSED_FUNCTION = YES;
				GCC_WARN_UNUSED_VARIABLE = YES;
				IPHONEOS_DEPLOYMENT_TARGET = 11.3;
				MTL_ENABLE_DEBUG_INFO = NO;
				SDKROOT = iphoneos;
				SWIFT_COMPILATION_MODE = wholemodule;
				SWIFT_OPTIMIZATION_LEVEL = "-O";
				VALIDATE_PRODUCT = YES;
				VERSIONING_SYSTEM = "apple-generic";
				VERSION_INFO_PREFIX = "";
			};
			name = Release;
		};
		9B96A4BE215F4B20003D1CD8 /* Debug */ = {
			isa = XCBuildConfiguration;
			baseConfigurationReference = 0C6E5260D70EC3C1049AFC7F /* Pods-PrincekinKlineFrame.debug.xcconfig */;
			buildSettings = {
				CODE_SIGN_IDENTITY = "";
				CODE_SIGN_STYLE = Automatic;
				DEFINES_MODULE = YES;
				DEVELOPMENT_TEAM = GXH8LLTUQN;
				DYLIB_COMPATIBILITY_VERSION = 1;
				DYLIB_CURRENT_VERSION = 1;
				DYLIB_INSTALL_NAME_BASE = "@rpath";
				INFOPLIST_FILE = PrincekinKlineFrame/Info.plist;
				INSTALL_PATH = "$(LOCAL_LIBRARY_DIR)/Frameworks";
				LD_RUNPATH_SEARCH_PATHS = (
					"$(inherited)",
					"@executable_path/Frameworks",
					"@loader_path/Frameworks",
				);
				PRODUCT_BUNDLE_IDENTIFIER = ss.PrincekinKlineFrame;
				PRODUCT_NAME = "$(TARGET_NAME:c99extidentifier)";
				SKIP_INSTALL = YES;
				SWIFT_VERSION = 4.0;
				TARGETED_DEVICE_FAMILY = "1,2";
			};
			name = Debug;
		};
		9B96A4BF215F4B20003D1CD8 /* Release */ = {
			isa = XCBuildConfiguration;
			baseConfigurationReference = D0551952965085C61FE8C9A2 /* Pods-PrincekinKlineFrame.release.xcconfig */;
			buildSettings = {
				CODE_SIGN_IDENTITY = "";
				CODE_SIGN_STYLE = Automatic;
				DEFINES_MODULE = YES;
				DEVELOPMENT_TEAM = GXH8LLTUQN;
				DYLIB_COMPATIBILITY_VERSION = 1;
				DYLIB_CURRENT_VERSION = 1;
				DYLIB_INSTALL_NAME_BASE = "@rpath";
				INFOPLIST_FILE = PrincekinKlineFrame/Info.plist;
				INSTALL_PATH = "$(LOCAL_LIBRARY_DIR)/Frameworks";
				LD_RUNPATH_SEARCH_PATHS = (
					"$(inherited)",
					"@executable_path/Frameworks",
					"@loader_path/Frameworks",
				);
				PRODUCT_BUNDLE_IDENTIFIER = ss.PrincekinKlineFrame;
				PRODUCT_NAME = "$(TARGET_NAME:c99extidentifier)";
				SKIP_INSTALL = YES;
				SWIFT_VERSION = 4.0;
				TARGETED_DEVICE_FAMILY = "1,2";
			};
			name = Release;
		};
/* End XCBuildConfiguration section */

/* Begin XCConfigurationList section */
		9B96A4AF215F4B1F003D1CD8 /* Build configuration list for PBXProject "PrincekinKlineFrame" */ = {
			isa = XCConfigurationList;
			buildConfigurations = (
				9B96A4BB215F4B20003D1CD8 /* Debug */,
				9B96A4BC215F4B20003D1CD8 /* Release */,
			);
			defaultConfigurationIsVisible = 0;
			defaultConfigurationName = Release;
		};
		9B96A4BD215F4B20003D1CD8 /* Build configuration list for PBXNativeTarget "PrincekinKlineFrame" */ = {
			isa = XCConfigurationList;
			buildConfigurations = (
				9B96A4BE215F4B20003D1CD8 /* Debug */,
				9B96A4BF215F4B20003D1CD8 /* Release */,
			);
			defaultConfigurationIsVisible = 0;
			defaultConfigurationName = Release;
		};
/* End XCConfigurationList section */
	};
	rootObject = 9B96A4AC215F4B1F003D1CD8 /* Project object */;
}
